
Microsoft Visual Studio Solution File, Format Version 12.00
# Visual Studio Version 17
VisualStudioVersion = 17.13.35828.75 d17.13
MinimumVisualStudioVersion = 10.0.40219.1
Project("{FAE04EC0-301F-11D3-BF4B-00C04F79EFBC}") = "AHKM", "AHKM.csproj", "{FABEA444-1C5D-4DE0-84E0-5AD1594E491B}"
EndProject
Global
	GlobalSection(SolutionConfigurationPlatforms) = preSolution
		Debug|Any CPU = Debug|Any CPU
		Release|Any CPU = Release|Any CPU
	EndGlobalSection
	GlobalSection(ProjectConfigurationPlatforms) = postSolution
		{FABEA444-1C5D-4DE0-84E0-5AD1594E491B}.Debug|Any CPU.ActiveCfg = Debug|Any CPU
		{FABEA444-1C5D-4DE0-84E0-5AD1594E491B}.Debug|Any CPU.Build.0 = Debug|Any CPU
		{FABEA444-1C5D-4DE0-84E0-5AD1594E491B}.Release|Any CPU.ActiveCfg = Release|Any CPU
		{FABEA444-1C5D-4DE0-84E0-5AD1594E491B}.Release|Any CPU.Build.0 = Release|Any CPU
	EndGlobalSection
	GlobalSection(SolutionProperties) = preSolution
		HideSolutionNode = FALSE
	EndGlobalSection
	GlobalSection(ExtensibilityGlobals) = postSolution
		SolutionGuid = {357E1F3C-9E79-4CD2-8BD5-E164A73F831B}
	EndGlobalSection
EndGlobal
